
Microsoft Visual Studio Solution File, Format Version 12.00
Project("{FAE04EC0-301F-11D3-BF4B-00C04F79EFBC}") = "IndomitableSpire2", "IndomitableSpire2.csproj", "{974AB20B-F6F3-4387-A8AC-6511CCAC5FAB}"
EndProject
Global
	GlobalSection(SolutionConfigurationPlatforms) = preSolution
		Debug|Any CPU = Debug|Any CPU
		ExportDebug|Any CPU = ExportDebug|Any CPU
		ExportRelease|Any CPU = ExportRelease|Any CPU
	EndGlobalSection
	GlobalSection(ProjectConfigurationPlatforms) = postSolution
		{974AB20B-F6F3-4387-A8AC-6511CCAC5FAB}.Debug|Any CPU.ActiveCfg = Debug|Any CPU
		{974AB20B-F6F3-4387-A8AC-6511CCAC5FAB}.Debug|Any CPU.Build.0 = Debug|Any CPU
		{974AB20B-F6F3-4387-A8AC-6511CCAC5FAB}.ExportDebug|Any CPU.ActiveCfg = ExportDebug|Any CPU
		{974AB20B-F6F3-4387-A8AC-6511CCAC5FAB}.ExportDebug|Any CPU.Build.0 = ExportDebug|Any CPU
		{974AB20B-F6F3-4387-A8AC-6511CCAC5FAB}.ExportRelease|Any CPU.ActiveCfg = ExportRelease|Any CPU
		{974AB20B-F6F3-4387-A8AC-6511CCAC5FAB}.ExportRelease|Any CPU.Build.0 = ExportRelease|Any CPU
	EndGlobalSection
EndGlobal
